
Microsoft Visual Studio Solution File, Format Version 12.00
# Visual Studio Version 17
VisualStudioVersion = 17.8.34322.80
MinimumVisualStudioVersion = 10.0.40219.1
Project("{FAE04EC0-301F-11D3-BF4B-00C04F79EFBC}") = "KioskProject", "KioskProject.csproj", "{19E51B46-D7F2-47AD-A8F8-BF21F85C4E9D}"
EndProject
Global
	GlobalSection(SolutionConfigurationPlatforms) = preSolution
		Debug|Any CPU = Debug|Any CPU
		Release|Any CPU = Release|Any CPU
	EndGlobalSection
	GlobalSection(ProjectConfigurationPlatforms) = postSolution
		{19E51B46-D7F2-47AD-A8F8-BF21F85C4E9D}.Debug|Any CPU.ActiveCfg = Debug|Any CPU
		{19E51B46-D7F2-47AD-A8F8-BF21F85C4E9D}.Debug|Any CPU.Build.0 = Debug|Any CPU
		{19E51B46-D7F2-47AD-A8F8-BF21F85C4E9D}.Release|Any CPU.ActiveCfg = Release|Any CPU
		{19E51B46-D7F2-47AD-A8F8-BF21F85C4E9D}.Release|Any CPU.Build.0 = Release|Any CPU
	EndGlobalSection
	GlobalSection(SolutionProperties) = preSolution
		HideSolutionNode = FALSE
	EndGlobalSection
	GlobalSection(ExtensibilityGlobals) = postSolution
		SolutionGuid = {A03F6758-3D3F-4A68-B970-3CE93CACEF3F}
	EndGlobalSection
EndGlobal
